
Microsoft Visual Studio Solution File, Format Version 12.00
# Visual Studio 15
VisualStudioVersion = 15.0.27130.2003
MinimumVisualStudioVersion = 10.0.40219.1
Project("{FAE04EC0-301F-11D3-BF4B-00C04F79EFBC}") = "BMS.DataBase", "BMS.DataBase\BMS.DataBase.csproj", "{50336769-96B7-4D5D-87EE-DDCA6AFEB1E4}"
EndProject
Project("{FAE04EC0-301F-11D3-BF4B-00C04F79EFBC}") = "BMS.DataBaseData", "BMS.DataBaseData\BMS.DataBaseData.csproj", "{0D08B61A-875D-43E3-B165-E8204EA3929A}"
EndProject
Project("{FAE04EC0-301F-11D3-BF4B-00C04F79EFBC}") = "BMS.DataBaseModels", "BMS.DataBaseModels\BMS.DataBaseModels.csproj", "{CE1CC32E-1CE7-4DC0-8943-E96D410AB997}"
EndProject
Project("{FAE04EC0-301F-11D3-BF4B-00C04F79EFBC}") = "BmsWpf", "BmsWpf\BmsWpf.csproj", "{4A235AC7-3CD6-4BDD-AEEF-95A676303FB2}"
EndProject
Global
	GlobalSection(SolutionConfigurationPlatforms) = preSolution
		Debug|Any CPU = Debug|Any CPU
		Release|Any CPU = Release|Any CPU
	EndGlobalSection
	GlobalSection(ProjectConfigurationPlatforms) = postSolution
		{50336769-96B7-4D5D-87EE-DDCA6AFEB1E4}.Debug|Any CPU.ActiveCfg = Debug|Any CPU
		{50336769-96B7-4D5D-87EE-DDCA6AFEB1E4}.Debug|Any CPU.Build.0 = Debug|Any CPU
		{50336769-96B7-4D5D-87EE-DDCA6AFEB1E4}.Release|Any CPU.ActiveCfg = Release|Any CPU
		{50336769-96B7-4D5D-87EE-DDCA6AFEB1E4}.Release|Any CPU.Build.0 = Release|Any CPU
		{0D08B61A-875D-43E3-B165-E8204EA3929A}.Debug|Any CPU.ActiveCfg = Debug|Any CPU
		{0D08B61A-875D-43E3-B165-E8204EA3929A}.Debug|Any CPU.Build.0 = Debug|Any CPU
		{0D08B61A-875D-43E3-B165-E8204EA3929A}.Release|Any CPU.ActiveCfg = Release|Any CPU
		{0D08B61A-875D-43E3-B165-E8204EA3929A}.Release|Any CPU.Build.0 = Release|Any CPU
		{CE1CC32E-1CE7-4DC0-8943-E96D410AB997}.Debug|Any CPU.ActiveCfg = Debug|Any CPU
		{CE1CC32E-1CE7-4DC0-8943-E96D410AB997}.Debug|Any CPU.Build.0 = Debug|Any CPU
		{CE1CC32E-1CE7-4DC0-8943-E96D410AB997}.Release|Any CPU.ActiveCfg = Release|Any CPU
		{CE1CC32E-1CE7-4DC0-8943-E96D410AB997}.Release|Any CPU.Build.0 = Release|Any CPU
		{4A235AC7-3CD6-4BDD-AEEF-95A676303FB2}.Debug|Any CPU.ActiveCfg = Debug|Any CPU
		{4A235AC7-3CD6-4BDD-AEEF-95A676303FB2}.Debug|Any CPU.Build.0 = Debug|Any CPU
		{4A235AC7-3CD6-4BDD-AEEF-95A676303FB2}.Release|Any CPU.ActiveCfg = Release|Any CPU
		{4A235AC7-3CD6-4BDD-AEEF-95A676303FB2}.Release|Any CPU.Build.0 = Release|Any CPU
	EndGlobalSection
	GlobalSection(SolutionProperties) = preSolution
		HideSolutionNode = FALSE
	EndGlobalSection
	GlobalSection(ExtensibilityGlobals) = postSolution
		SolutionGuid = {9ED3DB9D-090E-4652-BABA-35979497C9CB}
	EndGlobalSection
EndGlobal
